DEPENDENCIES
  all_systems
    path: .
    metadata: true
  audit (~> 7.0.0)
  chef-client (~> 10.0.5)

GRAPH
  all_systems (0.1.4)
    audit (>= 0.0.0)
    chef-client (>= 0.0.0)
  audit (7.0.0)
  chef-client (10.0.5)
    cron (>= 4.2.0)
    logrotate (>= 1.9.0)
    windows (>= 2.0.0)
  cron (6.1.1)
  logrotate (2.2.0)
  windows (4.2.5)
